PODS:
  - Bolts/Tasks (1.9.0)
  - couchbase-lite-ios (1.4.1):
    - couchbase-lite-ios/SQLite (= 1.4.1)
  - couchbase-lite-ios/SQLite (1.4.1)
  - Flurry-iOS-SDK/FlurrySDK (8.3.4)
  - GoogleAnalytics (3.17.0)
  - Parse (1.16.0):
    - Parse/Core (= 1.16.0)
  - Parse/Core (1.16.0):
    - Bolts/Tasks (~> 1.9)
  - Realm (3.14.2):
    - Realm/Headers (= 3.14.2)
  - Realm/Headers (3.14.2)
  - RealmSwift (3.14.2):
    - Realm (= 3.14.2)

DEPENDENCIES:
  - couchbase-lite-ios
  - Flurry-iOS-SDK/FlurrySDK
  - GoogleAnalytics
  - Parse
  - RealmSwift (~> 3.14.0)

SPEC REPOS:
  trunk:
    - Bolts
    - couchbase-lite-ios
    - Flurry-iOS-SDK
    - GoogleAnalytics
    - Parse
    - Realm
    - RealmSwift

SPEC CHECKSUMS:
  Bolts: ac6567323eac61e203f6a9763667d0f711be34c8
  couchbase-lite-ios: 7c875538a0fc55a7e9744edb4e89c23737686230
  Flurry-iOS-SDK: eed8399800cf16fe7e0121831150a7957297df99
  GoogleAnalytics: f42cc53a87a51fe94334821868d9c8481ff47a7b
  Parse: 5b36dc2c2f0a2fd82a257ae018bc3d68cf2c24e7
  Realm: 179c6706e3a49dbfe112e572fd3c03d3169bea35
  RealmSwift: 1797f272fb51c555b764fada32e82159a2c65247

PODFILE CHECKSUM: 9b8ce22c46ebbf23fc0cc6560dcf709a1fd18e9e

COCOAPODS: 1.8.3
