PODS:
  - Bolts/Tasks (1.9.0)
  - couchbase-lite-ios (1.4.4):
    - couchbase-lite-ios/SQLite (= 1.4.4)
  - couchbase-lite-ios/SQLite (1.4.4)
  - Flurry-iOS-SDK/FlurrySDK (10.0.2)
  - GoogleAnalytics (3.17.0)
  - Parse (1.17.3):
    - Parse/Core (= 1.17.3)
  - Parse/Core (1.17.3):
    - Bolts/Tasks (~> 1.9)
  - Realm (4.1.1):
    - Realm/Headers (= 4.1.1)
  - Realm/Headers (4.1.1)
  - RealmSwift (4.1.1):
    - Realm (= 4.1.1)

DEPENDENCIES:
  - couchbase-lite-ios
  - Flurry-iOS-SDK/FlurrySDK
  - GoogleAnalytics
  - Parse
  - RealmSwift

SPEC REPOS:
  trunk:
    - Bolts
    - couchbase-lite-ios
    - Flurry-iOS-SDK
    - GoogleAnalytics
    - Parse
    - Realm
    - RealmSwift

SPEC CHECKSUMS:
  Bolts: ac6567323eac61e203f6a9763667d0f711be34c8
  couchbase-lite-ios: 6b586fca2c8a59c85e31df89a2528c92c40fc4dc
  Flurry-iOS-SDK: 71da0ebf2088b15d8899da71050efc8b33bfd21f
  GoogleAnalytics: f42cc53a87a51fe94334821868d9c8481ff47a7b
  Parse: c1ad2a04d2cab2b54b6fb7da05f741abf2cf57d1
  Realm: 25f0a8244cbb1c2271c922963ea8666fc2d8104d
  RealmSwift: 9e2657b33764f80e4a4dffd6d440e24715782052

PODFILE CHECKSUM: b60974117d0c7906e3b0e527da28a6bce45d1f02

COCOAPODS: 1.8.4
